#MicroXplorer Configuration settings - do not modify
Mcu.Family=STM32F0
RCC.PLLSourceVirtual=RCC_PLLSOURCE_HSE
ProjectManager.MainLocation=Core/Src
PC15-OSC32_OUT.Mode=LSE-External-Oscillator
RCC.I2SFreq_Value=48000000
RCC.MCOFreq_Value=48000000
RCC.USART1Freq_Value=48000000
ProjectManager.ProjectFileName=stm32f072HiXwos.ioc
ProjectManager.KeepUserCode=true
Mcu.UserName=STM32F072C8Tx
Mcu.PinsNb=7
ProjectManager.NoMain=false
PC13.Locked=true
RCC.PLLCLKFreq_Value=48000000
PC13.Signal=GPIO_Output
ProjectManager.functionlistsort=1-MX_GPIO_Init-GPIO-false-LL-true,2-SystemClock_Config-RCC-false-HAL-false,3-MX_CRC_Init-CRC-false-LL-true
CRC.InputDataFormat=CRC_INPUTDATA_FORMAT_BYTES
ProjectManager.DefaultFWLocation=true
RCC.USART2Freq_Value=48000000
NVIC.SVC_IRQn=true\:0\:0\:false\:false\:true\:false\:false
ProjectManager.DeletePrevious=true
PC13.GPIO_Label=LED
PC14-OSC32_IN.Signal=RCC_OSC32_IN
PinOutPanel.RotationAngle=0
RCC.FamilyName=M
CRC.IPParameters=InputDataFormat
RCC.SYSCLKSource=RCC_SYSCLKSOURCE_PLLCLK
ProjectManager.StackSize=0x400
RCC.FCLKCortexFreq_Value=48000000
Mcu.IP2=RCC
Mcu.IP3=SYS
Mcu.IP0=CRC
Mcu.IP1=NVIC
Mcu.UserConstants=
ProjectManager.TargetToolchain=Makefile
Mcu.ThirdPartyNb=0
VP_CRC_VS_CRC.Signal=CRC_VS_CRC
RCC.HCLKFreq_Value=48000000
Mcu.IPNb=4
ProjectManager.PreviousToolchain=
Mcu.Pin6=VP_SYS_VS_Systick
PC15-OSC32_OUT.Signal=RCC_OSC32_OUT
RCC.AHBFreq_Value=48000000
Mcu.Pin0=PC13
Mcu.Pin1=PC14-OSC32_IN
PF0-OSC_IN.Mode=HSE-External-Oscillator
GPIO.groupedBy=Group By Peripherals
Mcu.Pin2=PC15-OSC32_OUT
Mcu.Pin3=PF0-OSC_IN
Mcu.Pin4=PF1-OSC_OUT
Mcu.Pin5=VP_CRC_VS_CRC
ProjectManager.ProjectBuild=false
board=custom
NVIC.SysTick_IRQn=true\:3\:0\:true\:false\:true\:false\:true
ProjectManager.LastFirmware=true
RCC.PLLMUL=RCC_PLL_MUL6
RCC.VCOOutput2Freq_Value=8000000
ProjectManager.FirmwarePackage=STM32Cube FW_F0 V1.11.0
MxDb.Version=DB.5.0.60
ProjectManager.BackupPrevious=true
MxCube.Version=5.6.1
PC14-OSC32_IN.Mode=LSE-External-Oscillator
PC13.GPIOParameters=PinState,GPIO_Label
File.Version=6
VP_SYS_VS_Systick.Mode=SysTick
NVIC.NonMaskableInt_IRQn=true\:0\:0\:false\:false\:true\:false\:false
NVIC.PendSV_IRQn=true\:3\:0\:true\:false\:true\:false\:false
ProjectManager.FreePins=false
RCC.IPParameters=AHBFreq_Value,APB1Freq_Value,APB1TimFreq_Value,CECFreq_Value,FCLKCortexFreq_Value,FamilyName,HCLKFreq_Value,HSICECFreq_Value,I2SFreq_Value,MCOFreq_Value,PLLCLKFreq_Value,PLLMCOFreq_Value,PLLMUL,PLLSourceVirtual,SYSCLKFreq_VALUE,SYSCLKSource,TimSysFreq_Value,USART1Freq_Value,USART2Freq_Value,VCOOutput2Freq_Value
ProjectManager.AskForMigrate=true
Mcu.Name=STM32F072C(8-B)Tx
ProjectManager.HalAssertFull=false
ProjectManager.ProjectName=stm32f072HiXwos
ProjectManager.UnderRoot=false
RCC.HSICECFreq_Value=32786.88524590164
RCC.PLLMCOFreq_Value=48000000
ProjectManager.CoupleFile=true
RCC.SYSCLKFreq_VALUE=48000000
Mcu.Package=LQFP48
RCC.TimSysFreq_Value=48000000
NVIC.ForceEnableDMAVector=true
KeepUserPlacement=false
ProjectManager.CompilerOptimize=6
ProjectManager.ToolChainLocation=
VP_SYS_VS_Systick.Signal=SYS_VS_Systick
ProjectManager.HeapSize=0x200
NVIC.HardFault_IRQn=true\:0\:0\:false\:false\:true\:false\:false
ProjectManager.ComputerToolchain=false
RCC.CECFreq_Value=32786.88524590164
RCC.APB1TimFreq_Value=48000000
PF0-OSC_IN.Signal=RCC_OSC_IN
PF1-OSC_OUT.Mode=HSE-External-Oscillator
RCC.APB1Freq_Value=48000000
VP_CRC_VS_CRC.Mode=CRC_Activate
ProjectManager.CustomerFirmwarePackage=
ProjectManager.DeviceId=STM32F072C8Tx
PF1-OSC_OUT.Signal=RCC_OSC_OUT
ProjectManager.LibraryCopy=1
PC13.PinState=GPIO_PIN_SET
